
Microsoft Visual Studio Solution File, Format Version 12.00
# Visual Studio Version 17
VisualStudioVersion = 17.0.31903.59
MinimumVisualStudioVersion = 10.0.40219.1
Project("{FAE04EC0-301F-11D3-BF4B-00C04F79EFBC}") = "PrimeService", "PrimeService\PrimeService.csproj", "{F3073FE0-0510-44CE-AA57-77796BCB0602}"
EndProject
Project("{FAE04EC0-301F-11D3-BF4B-00C04F79EFBC}") = "PrimeService.Tests", "PrimeService.Tests\PrimeService.Tests.csproj", "{D925FD4B-8AEC-42A2-BA49-D5EA75BFC510}"
EndProject
Global
	GlobalSection(SolutionConfigurationPlatforms) = preSolution
		Debug|Any CPU = Debug|Any CPU
		Release|Any CPU = Release|Any CPU
	EndGlobalSection
	GlobalSection(SolutionProperties) = preSolution
		HideSolutionNode = FALSE
	EndGlobalSection
	GlobalSection(ProjectConfigurationPlatforms) = postSolution
		{F3073FE0-0510-44CE-AA57-77796BCB0602}.Debug|Any CPU.ActiveCfg = Debug|Any CPU
		{F3073FE0-0510-44CE-AA57-77796BCB0602}.Debug|Any CPU.Build.0 = Debug|Any CPU
		{F3073FE0-0510-44CE-AA57-77796BCB0602}.Release|Any CPU.ActiveCfg = Release|Any CPU
		{F3073FE0-0510-44CE-AA57-77796BCB0602}.Release|Any CPU.Build.0 = Release|Any CPU
		{D925FD4B-8AEC-42A2-BA49-D5EA75BFC510}.Debug|Any CPU.ActiveCfg = Debug|Any CPU
		{D925FD4B-8AEC-42A2-BA49-D5EA75BFC510}.Debug|Any CPU.Build.0 = Debug|Any CPU
		{D925FD4B-8AEC-42A2-BA49-D5EA75BFC510}.Release|Any CPU.ActiveCfg = Release|Any CPU
		{D925FD4B-8AEC-42A2-BA49-D5EA75BFC510}.Release|Any CPU.Build.0 = Release|Any CPU
	EndGlobalSection
EndGlobal
